// !$*UTF8*$!
{
	archiveVersion = 1;
	classes = {
	};
	objectVersion = 48;
	objects = {

/* Begin PBXBuildFile section */
		84A8585520104ED7001750BC /* VideoService.swift in Sources */ = {isa = PBXBuildFile; fileRef = 84A8585420104ED7001750BC /* VideoService.swift */; };
		84CF7703201079B8005A261F /* VideoExportService.swift in Sources */ = {isa = PBXBuildFile; fileRef = 84CF7702201079B8005A261F /* VideoExportService.swift */; };
		84CF770520107A5E005A261F /* VideoExportServiceDelegate.swift in Sources */ = {isa = PBXBuildFile; fileRef = 84CF770420107A5E005A261F /* VideoExportServiceDelegate.swift */; };
		84CF770720107F0D005A261F /* VideoExportInput.swift in Sources */ = {isa = PBXBuildFile; fileRef = 84CF770620107F0D005A261F /* VideoExportInput.swift */; };
		84D7047D2010498C00C6BEB3 /* AppDelegate.swift in Sources */ = {isa = PBXBuildFile; fileRef = 84D7047C2010498C00C6BEB3 /* AppDelegate.swift */; };
		84D7047F2010498C00C6BEB3 /* ViewController.swift in Sources */ = {isa = PBXBuildFile; fileRef = 84D7047E2010498C00C6BEB3 /* ViewController.swift */; };
		84D704822010498C00C6BEB3 /* Main.storyboard in Resources */ = {isa = PBXBuildFile; fileRef = 84D704802010498C00C6BEB3 /* Main.storyboard */; };
		84D704842010498C00C6BEB3 /* Assets.xcassets in Resources */ = {isa = PBXBuildFile; fileRef = 84D704832010498C00C6BEB3 /* Assets.xcassets */; };
		84D704872010498C00C6BEB3 /* LaunchScreen.storyboard in Resources */ = {isa = PBXBuildFile; fileRef = 84D704852010498C00C6BEB3 /* LaunchScreen.storyboard */; };
		E23624502010ACB200AFC0B1 /* AnimationService.swift in Sources */ = {isa = PBXBuildFile; fileRef = E236244F2010ACB200AFC0B1 /* AnimationService.swift */; };
		E2ADCF7C2011EFFA007FB5C8 /* RecordViewController.swift in Sources */ = {isa = PBXBuildFile; fileRef = E2ADCF7B2011EFFA007FB5C8 /* RecordViewController.swift */; };
/* End PBXBuildFile section */

/* Begin PBXFileReference section */
		84A8585420104ED7001750BC /* VideoService.swift */ = {isa = PBXFileReference; lastKnownFileType = sourcecode.swift; path = VideoService.swift; sourceTree = "<group>"; };
		84CF7702201079B8005A261F /* VideoExportService.swift */ = {isa = PBXFileReference; lastKnownFileType = sourcecode.swift; path = VideoExportService.swift; sourceTree = "<group>"; };
		84CF770420107A5E005A261F /* VideoExportServiceDelegate.swift */ = {isa = PBXFileReference; lastKnownFileType = sourcecode.swift; path = VideoExportServiceDelegate.swift; sourceTree = "<group>"; };
		84CF770620107F0D005A261F /* VideoExportInput.swift */ = {isa = PBXFileReference; lastKnownFileType = sourcecode.swift; path = VideoExportInput.swift; sourceTree = "<group>"; };
		84D704792010498C00C6BEB3 /* MGAnimation.app */ = {isa = PBXFileReference; explicitFileType = wrapper.application; includeInIndex = 0; path = MGAnimation.app; sourceTree = BUILT_PRODUCTS_DIR; };
		84D7047C2010498C00C6BEB3 /* AppDelegate.swift */ = {isa = PBXFileReference; lastKnownFileType = sourcecode.swift; path = AppDelegate.swift; sourceTree = "<group>"; };
		84D7047E2010498C00C6BEB3 /* ViewController.swift */ = {isa = PBXFileReference; lastKnownFileType = sourcecode.swift; path = ViewController.swift; sourceTree = "<group>"; };
		84D704812010498C00C6BEB3 /* Base */ = {isa = PBXFileReference; lastKnownFileType = file.storyboard; name = Base; path = Base.lproj/Main.storyboard; sourceTree = "<group>"; };
		84D704832010498C00C6BEB3 /* Assets.xcassets */ = {isa = PBXFileReference; lastKnownFileType = folder.assetcatalog; path = Assets.xcassets; sourceTree = "<group>"; };
		84D704862010498C00C6BEB3 /* Base */ = {isa = PBXFileReference; lastKnownFileType = file.storyboard; name = Base; path = Base.lproj/LaunchScreen.storyboard; sourceTree = "<group>"; };
		84D704882010498C00C6BEB3 /* Info.plist */ = {isa = PBXFileReference; lastKnownFileType = text.plist.xml; path = Info.plist; sourceTree = "<group>"; };
		E236244F2010ACB200AFC0B1 /* AnimationService.swift */ = {isa = PBXFileReference; lastKnownFileType = sourcecode.swift; path = AnimationService.swift; sourceTree = "<group>"; };
		E2ADCF7B2011EFFA007FB5C8 /* RecordViewController.swift */ = {isa = PBXFileReference; lastKnownFileType = sourcecode.swift; path = RecordViewController.swift; sourceTree = "<group>"; };
/* End PBXFileReference section */

/* Begin PBXFrameworksBuildPhase section */
		84D704762010498C00C6BEB3 /* Frameworks */ = {
			isa = PBXFrameworksBuildPhase;
			buildActionMask = 2147483647;
			files = (
			);
			runOnlyForDeploymentPostprocessing = 0;
		};
/* End PBXFrameworksBuildPhase section */

/* Begin PBXGroup section */
		84D704702010498C00C6BEB3 = {
			isa = PBXGroup;
			children = (
				84D7047B2010498C00C6BEB3 /* MGAnimation */,
				84D7047A2010498C00C6BEB3 /* Products */,
			);
			sourceTree = "<group>";
		};
		84D7047A2010498C00C6BEB3 /* Products */ = {
			isa = PBXGroup;
			children = (
				84D704792010498C00C6BEB3 /* MGAnimation.app */,
			);
			name = Products;
			sourceTree = "<group>";
		};
		84D7047B2010498C00C6BEB3 /* MGAnimation */ = {
			isa = PBXGroup;
			children = (
				84D7047C2010498C00C6BEB3 /* AppDelegate.swift */,
				84D7047E2010498C00C6BEB3 /* ViewController.swift */,
				E2ADCF7B2011EFFA007FB5C8 /* RecordViewController.swift */,
				84A8585420104ED7001750BC /* VideoService.swift */,
				84CF7702201079B8005A261F /* VideoExportService.swift */,
				84CF770620107F0D005A261F /* VideoExportInput.swift */,
				84CF770420107A5E005A261F /* VideoExportServiceDelegate.swift */,
				E236244F2010ACB200AFC0B1 /* AnimationService.swift */,
				84D704802010498C00C6BEB3 /* Main.storyboard */,
				84D704832010498C00C6BEB3 /* Assets.xcassets */,
				84D704852010498C00C6BEB3 /* LaunchScreen.storyboard */,
				84D704882010498C00C6BEB3 /* Info.plist */,
			);
			path = MGAnimation;
			sourceTree = "<group>";
		};
/* End PBXGroup section */

/* Begin PBXNativeTarget section */
		84D704782010498C00C6BEB3 /* MGAnimation */ = {
			isa = PBXNativeTarget;
			buildConfigurationList = 84D7048B2010498C00C6BEB3 /* Build configuration list for PBXNativeTarget "MGAnimation" */;
			buildPhases = (
				84D704752010498C00C6BEB3 /* Sources */,
				84D704762010498C00C6BEB3 /* Frameworks */,
				84D704772010498C00C6BEB3 /* Resources */,
			);
			buildRules = (
			);
			dependencies = (
			);
			name = MGAnimation;
			productName = MGAnimation;
			productReference = 84D704792010498C00C6BEB3 /* MGAnimation.app */;
			productType = "com.apple.product-type.application";
		};
/* End PBXNativeTarget section */

/* Begin PBXProject section */
		84D704712010498C00C6BEB3 /* Project object */ = {
			isa = PBXProject;
			attributes = {
				LastSwiftUpdateCheck = 0920;
				LastUpgradeCheck = 0920;
				ORGANIZATIONNAME = Admin;
				TargetAttributes = {
					84D704782010498C00C6BEB3 = {
						CreatedOnToolsVersion = 9.2;
						ProvisioningStyle = Automatic;
					};
				};
			};
			buildConfigurationList = 84D704742010498C00C6BEB3 /* Build configuration list for PBXProject "MGAnimation" */;
			compatibilityVersion = "Xcode 8.0";
			developmentRegion = en;
			hasScannedForEncodings = 0;
			knownRegions = (
				en,
				Base,
			);
			mainGroup = 84D704702010498C00C6BEB3;
			productRefGroup = 84D7047A2010498C00C6BEB3 /* Products */;
			projectDirPath = "";
			projectRoot = "";
			targets = (
				84D704782010498C00C6BEB3 /* MGAnimation */,
			);
		};
/* End PBXProject section */

/* Begin PBXResourcesBuildPhase section */
		84D704772010498C00C6BEB3 /* Resources */ = {
			isa = PBXResourcesBuildPhase;
			buildActionMask = 2147483647;
			files = (
				84D704872010498C00C6BEB3 /* LaunchScreen.storyboard in Resources */,
				84D704842010498C00C6BEB3 /* Assets.xcassets in Resources */,
				84D704822010498C00C6BEB3 /* Main.storyboard in Resources */,
			);
			runOnlyForDeploymentPostprocessing = 0;
		};
/* End PBXResourcesBuildPhase section */

/* Begin PBXSourcesBuildPhase section */
		84D704752010498C00C6BEB3 /* Sources */ = {
			isa = PBXSourcesBuildPhase;
			buildActionMask = 2147483647;
			files = (
				84D7047F2010498C00C6BEB3 /* ViewController.swift in Sources */,
				84CF7703201079B8005A261F /* VideoExportService.swift in Sources */,
				84A8585520104ED7001750BC /* VideoService.swift in Sources */,
				E2ADCF7C2011EFFA007FB5C8 /* RecordViewController.swift in Sources */,
				E23624502010ACB200AFC0B1 /* AnimationService.swift in Sources */,
				84CF770520107A5E005A261F /* VideoExportServiceDelegate.swift in Sources */,
				84CF770720107F0D005A261F /* VideoExportInput.swift in Sources */,
				84D7047D2010498C00C6BEB3 /* AppDelegate.swift in Sources */,
			);
			runOnlyForDeploymentPostprocessing = 0;
		};
/* End PBXSourcesBuildPhase section */

/* Begin PBXVariantGroup section */
		84D704802010498C00C6BEB3 /* Main.storyboard */ = {
			isa = PBXVariantGroup;
			children = (
				84D704812010498C00C6BEB3 /* Base */,
			);
			name = Main.storyboard;
			sourceTree = "<group>";
		};
		84D704852010498C00C6BEB3 /* LaunchScreen.storyboard */ = {
			isa = PBXVariantGroup;
			children = (
				84D704862010498C00C6BEB3 /* Base */,
			);
			name = LaunchScreen.storyboard;
			sourceTree = "<group>";
		};
/* End PBXVariantGroup section */

/* Begin XCBuildConfiguration section */
		84D704892010498C00C6BEB3 /* Debug */ = {
			isa = XCBuildConfiguration;
			buildSettings = {
				ALWAYS_SEARCH_USER_PATHS = NO;
				CLANG_ANALYZER_NONNULL = YES;
				CLANG_ANALYZER_NUMBER_OBJECT_CONVERSION = YES_AGGRESSIVE;
				CLANG_CXX_LANGUAGE_STANDARD = "gnu++14";
				CLANG_CXX_LIBRARY = "libc++";
				CLANG_ENABLE_MODULES = YES;
				CLANG_ENABLE_OBJC_ARC = YES;
				CLANG_WARN_BLOCK_CAPTURE_AUTORELEASING = YES;
				CLANG_WARN_BOOL_CONVERSION = YES;
				CLANG_WARN_COMMA = YES;
				CLANG_WARN_CONSTANT_CONVERSION = YES;
				CLANG_WARN_DIRECT_OBJC_ISA_USAGE = YES_ERROR;
				CLANG_WARN_DOCUMENTATION_COMMENTS = YES;
				CLANG_WARN_EMPTY_BODY = YES;
				CLANG_WARN_ENUM_CONVERSION = YES;
				CLANG_WARN_INFINITE_RECURSION = YES;
				CLANG_WARN_INT_CONVERSION = YES;
				CLANG_WARN_NON_LITERAL_NULL_CONVERSION = YES;
				CLANG_WARN_OBJC_LITERAL_CONVERSION = YES;
				CLANG_WARN_OBJC_ROOT_CLASS = YES_ERROR;
				CLANG_WARN_RANGE_LOOP_ANALYSIS = YES;
				CLANG_WARN_STRICT_PROTOTYPES = YES;
				CLANG_WARN_SUSPICIOUS_MOVE = YES;
				CLANG_WARN_UNGUARDED_AVAILABILITY = YES_AGGRESSIVE;
				CLANG_WARN_UNREACHABLE_CODE = YES;
				CLANG_WARN__DUPLICATE_METHOD_MATCH = YES;
				CODE_SIGN_IDENTITY = "iPhone Developer";
				COPY_PHASE_STRIP = NO;
				DEBUG_INFORMATION_FORMAT = dwarf;
				ENABLE_STRICT_OBJC_MSGSEND = YES;
				ENABLE_TESTABILITY = YES;
				GCC_C_LANGUAGE_STANDARD = gnu11;
				GCC_DYNAMIC_NO_PIC = NO;
				GCC_NO_COMMON_BLOCKS = YES;
				GCC_OPTIMIZATION_LEVEL = 0;
				GCC_PREPROCESSOR_DEFINITIONS = (
					"DEBUG=1",
					"$(inherited)",
				);
				GCC_WARN_64_TO_32_BIT_CONVERSION = YES;
				GCC_WARN_ABOUT_RETURN_TYPE = YES_ERROR;
				GCC_WARN_UNDECLARED_SELECTOR = YES;
				GCC_WARN_UNINITIALIZED_AUTOS = YES_AGGRESSIVE;
				GCC_WARN_UNUSED_FUNCTION = YES;
				GCC_WARN_UNUSED_VARIABLE = YES;
				IPHONEOS_DEPLOYMENT_TARGET = 11.2;
				MTL_ENABLE_DEBUG_INFO = YES;
				ONLY_ACTIVE_ARCH = YES;
				SDKROOT = iphoneos;
				SWIFT_ACTIVE_COMPILATION_CONDITIONS = DEBUG;
				SWIFT_OPTIMIZATION_LEVEL = "-Onone";
			};
			name = Debug;
		};
		84D7048A2010498C00C6BEB3 /* Release */ = {
			isa = XCBuildConfiguration;
			buildSettings = {
				ALWAYS_SEARCH_USER_PATHS = NO;
				CLANG_ANALYZER_NONNULL = YES;
				CLANG_ANALYZER_NUMBER_OBJECT_CONVERSION = YES_AGGRESSIVE;
				CLANG_CXX_LANGUAGE_STANDARD = "gnu++14";
				CLANG_CXX_LIBRARY = "libc++";
				CLANG_ENABLE_MODULES = YES;
				CLANG_ENABLE_OBJC_ARC = YES;
				CLANG_WARN_BLOCK_CAPTURE_AUTORELEASING = YES;
				CLANG_WARN_BOOL_CONVERSION = YES;
				CLANG_WARN_COMMA = YES;
				CLANG_WARN_CONSTANT_CONVERSION = YES;
				CLANG_WARN_DIRECT_OBJC_ISA_USAGE = YES_ERROR;
				CLANG_WARN_DOCUMENTATION_COMMENTS = YES;
				CLANG_WARN_EMPTY_BODY = YES;
				CLANG_WARN_ENUM_CONVERSION = YES;
				CLANG_WARN_INFINITE_RECURSION = YES;
				CLANG_WARN_INT_CONVERSION = YES;
				CLANG_WARN_NON_LITERAL_NULL_CONVERSION = YES;
				CLANG_WARN_OBJC_LITERAL_CONVERSION = YES;
				CLANG_WARN_OBJC_ROOT_CLASS = YES_ERROR;
				CLANG_WARN_RANGE_LOOP_ANALYSIS = YES;
				CLANG_WARN_STRICT_PROTOTYPES = YES;
				CLANG_WARN_SUSPICIOUS_MOVE = YES;
				CLANG_WARN_UNGUARDED_AVAILABILITY = YES_AGGRESSIVE;
				CLANG_WARN_UNREACHABLE_CODE = YES;
				CLANG_WARN__DUPLICATE_METHOD_MATCH = YES;
				CODE_SIGN_IDENTITY = "iPhone Developer";
				COPY_PHASE_STRIP = NO;
				DEBUG_INFORMATION_FORMAT = "dwarf-with-dsym";
				ENABLE_NS_ASSERTIONS = NO;
				ENABLE_STRICT_OBJC_MSGSEND = YES;
				GCC_C_LANGUAGE_STANDARD = gnu11;
				GCC_NO_COMMON_BLOCKS = YES;
				GCC_WARN_64_TO_32_BIT_CONVERSION = YES;
				GCC_WARN_ABOUT_RETURN_TYPE = YES_ERROR;
				GCC_WARN_UNDECLARED_SELECTOR = YES;
				GCC_WARN_UNINITIALIZED_AUTOS = YES_AGGRESSIVE;
				GCC_WARN_UNUSED_FUNCTION = YES;
				GCC_WARN_UNUSED_VARIABLE = YES;
				IPHONEOS_DEPLOYMENT_TARGET = 11.2;
				MTL_ENABLE_DEBUG_INFO = NO;
				SDKROOT = iphoneos;
				SWIFT_OPTIMIZATION_LEVEL = "-Owholemodule";
				VALIDATE_PRODUCT = YES;
			};
			name = Release;
		};
		84D7048C2010498C00C6BEB3 /* Debug */ = {
			isa = XCBuildConfiguration;
			buildSettings = {
				ASSETCATALOG_COMPILER_APPICON_NAME = AppIcon;
				CODE_SIGN_STYLE = Automatic;
				DEVELOPMENT_TEAM = 56AJJ634ZU;
				INFOPLIST_FILE = MGAnimation/Info.plist;
				IPHONEOS_DEPLOYMENT_TARGET = 11.0;
				LD_RUNPATH_SEARCH_PATHS = "$(inherited) @executable_path/Frameworks";
				PRODUCT_BUNDLE_IDENTIFIER = BigZeroAcademy.MGAnimation;
				PRODUCT_NAME = "$(TARGET_NAME)";
				SWIFT_VERSION = 4.0;
				TARGETED_DEVICE_FAMILY = "1,2";
			};
			name = Debug;
		};
		84D7048D2010498C00C6BEB3 /* Release */ = {
			isa = XCBuildConfiguration;
			buildSettings = {
				ASSETCATALOG_COMPILER_APPICON_NAME = AppIcon;
				CODE_SIGN_STYLE = Automatic;
				DEVELOPMENT_TEAM = 56AJJ634ZU;
				INFOPLIST_FILE = MGAnimation/Info.plist;
				IPHONEOS_DEPLOYMENT_TARGET = 11.0;
				LD_RUNPATH_SEARCH_PATHS = "$(inherited) @executable_path/Frameworks";
				PRODUCT_BUNDLE_IDENTIFIER = BigZeroAcademy.MGAnimation;
				PRODUCT_NAME = "$(TARGET_NAME)";
				SWIFT_VERSION = 4.0;
				TARGETED_DEVICE_FAMILY = "1,2";
			};
			name = Release;
		};
/* End XCBuildConfiguration section */

/* Begin XCConfigurationList section */
		84D704742010498C00C6BEB3 /* Build configuration list for PBXProject "MGAnimation" */ = {
			isa = XCConfigurationList;
			buildConfigurations = (
				84D704892010498C00C6BEB3 /* Debug */,
				84D7048A2010498C00C6BEB3 /* Release */,
			);
			defaultConfigurationIsVisible = 0;
			defaultConfigurationName = Release;
		};
		84D7048B2010498C00C6BEB3 /* Build configuration list for PBXNativeTarget "MGAnimation" */ = {
			isa = XCConfigurationList;
			buildConfigurations = (
				84D7048C2010498C00C6BEB3 /* Debug */,
				84D7048D2010498C00C6BEB3 /* Release */,
			);
			defaultConfigurationIsVisible = 0;
			defaultConfigurationName = Release;
		};
/* End XCConfigurationList section */
	};
	rootObject = 84D704712010498C00C6BEB3 /* Project object */;
}
